
Microsoft Visual Studio Solution File, Format Version 12.00
# Visual Studio Version 16
VisualStudioVersion = 16.0.29209.152
MinimumVisualStudioVersion = 10.0.40219.1
Project("{FAE04EC0-301F-11D3-BF4B-00C04F79EFBC}") = "ApiWithFile", "ApiWithFile\ApiWithFile.csproj", "{9C190EA1-7414-4504-AFEF-BD7694D57DE6}"
EndProject
Global
	GlobalSection(SolutionConfigurationPlatforms) = preSolution
		Debug|Any CPU = Debug|Any CPU
		Release|Any CPU = Release|Any CPU
	EndGlobalSection
	GlobalSection(ProjectConfigurationPlatforms) = postSolution
		{9C190EA1-7414-4504-AFEF-BD7694D57DE6}.Debug|Any CPU.ActiveCfg = Debug|Any CPU
		{9C190EA1-7414-4504-AFEF-BD7694D57DE6}.Debug|Any CPU.Build.0 = Debug|Any CPU
		{9C190EA1-7414-4504-AFEF-BD7694D57DE6}.Release|Any CPU.ActiveCfg = Release|Any CPU
		{9C190EA1-7414-4504-AFEF-BD7694D57DE6}.Release|Any CPU.Build.0 = Release|Any CPU
	EndGlobalSection
	GlobalSection(SolutionProperties) = preSolution
		HideSolutionNode = FALSE
	EndGlobalSection
	GlobalSection(ExtensibilityGlobals) = postSolution
		SolutionGuid = {82EE6797-ADEE-4A3F-8B0A-8C4C9284C9BD}
	EndGlobalSection
EndGlobal
